
Microsoft Visual Studio Solution File, Format Version 12.00
# Visual Studio Version 17
VisualStudioVersion = 17.7.34031.279
MinimumVisualStudioVersion = 10.0.40219.1
Project("{8BC9CEB8-8B4A-11D0-8D11-00A0C91BC942}") = "EVEN ODD TELLER IN ARRAYS", "EVEN ODD TELLER IN ARRAYS.vcxproj", "{8799652D-51F9-4C0E-8E93-06FB8669E5C9}"
EndProject
Global
	GlobalSection(SolutionConfigurationPlatforms) = preSolution
		Debug|x64 = Debug|x64
		Debug|x86 = Debug|x86
		Release|x64 = Release|x64
		Release|x86 = Release|x86
	EndGlobalSection
	GlobalSection(ProjectConfigurationPlatforms) = postSolution
		{8799652D-51F9-4C0E-8E93-06FB8669E5C9}.Debug|x64.ActiveCfg = Debug|x64
		{8799652D-51F9-4C0E-8E93-06FB8669E5C9}.Debug|x64.Build.0 = Debug|x64
		{8799652D-51F9-4C0E-8E93-06FB8669E5C9}.Debug|x86.ActiveCfg = Debug|Win32
		{8799652D-51F9-4C0E-8E93-06FB8669E5C9}.Debug|x86.Build.0 = Debug|Win32
		{8799652D-51F9-4C0E-8E93-06FB8669E5C9}.Release|x64.ActiveCfg = Release|x64
		{8799652D-51F9-4C0E-8E93-06FB8669E5C9}.Release|x64.Build.0 = Release|x64
		{8799652D-51F9-4C0E-8E93-06FB8669E5C9}.Release|x86.ActiveCfg = Release|Win32
		{8799652D-51F9-4C0E-8E93-06FB8669E5C9}.Release|x86.Build.0 = Release|Win32
	EndGlobalSection
	GlobalSection(SolutionProperties) = preSolution
		HideSolutionNode = FALSE
	EndGlobalSection
	GlobalSection(ExtensibilityGlobals) = postSolution
		SolutionGuid = {68A234BF-4CE9-44B7-A7FB-44CA8183F999}
	EndGlobalSection
EndGlobal
